#MicroXplorer Configuration settings - do not modify
CAD.formats=
CAD.pinconfig=
CAD.provider=
File.Version=6
GPIO.groupedBy=Group By Peripherals
KeepUserPlacement=false
Mcu.CPN=STM32F427AIH6
Mcu.Family=STM32F4
Mcu.IP0=NVIC
Mcu.IP1=RCC
Mcu.IP2=SPI4
Mcu.IP3=SYS
Mcu.IP4=UART7
Mcu.IP5=USART1
Mcu.IP6=USART2
Mcu.IP7=USART3
Mcu.IP8=USART6
Mcu.IPNb=9
Mcu.Name=STM32F427A(G-I)Hx
Mcu.Package=UFBGA169
Mcu.Pin0=PI6
Mcu.Pin1=PA14
Mcu.Pin10=PD5
Mcu.Pin11=PC10
Mcu.Pin12=PH14
Mcu.Pin13=PE5
Mcu.Pin14=PE6
Mcu.Pin15=PI10
Mcu.Pin16=PA13
Mcu.Pin17=PC6
Mcu.Pin18=PC7
Mcu.Pin19=PH1/OSC_OUT
Mcu.Pin2=PI7
Mcu.Pin20=PH0/OSC_IN
Mcu.Pin21=PF10
Mcu.Pin22=PE8
Mcu.Pin23=PH5
Mcu.Pin24=PE11
Mcu.Pin25=PH11
Mcu.Pin26=PE7
Mcu.Pin27=PB12
Mcu.Pin28=VP_SYS_VS_Systick
Mcu.Pin3=PE2
Mcu.Pin4=PB7
Mcu.Pin5=PD6
Mcu.Pin6=PC11
Mcu.Pin7=PI0
Mcu.Pin8=PE3
Mcu.Pin9=PB6
Mcu.PinsNb=29
Mcu.ThirdPartyNb=0
Mcu.UserConstants=
Mcu.UserName=STM32F427AIHx
MxCube.Version=6.17.0
MxDb.Version=DB.6.0.170
NVIC.BusFault_IRQn=true\:0\:0\:false\:false\:true\:false\:false\:false
NVIC.DebugMonitor_IRQn=true\:0\:0\:false\:false\:true\:false\:false\:false
NVIC.ForceEnableDMAVector=true
NVIC.HardFault_IRQn=true\:0\:0\:false\:false\:true\:false\:false\:false
NVIC.MemoryManagement_IRQn=true\:0\:0\:false\:false\:true\:false\:false\:false
NVIC.NonMaskableInt_IRQn=true\:0\:0\:false\:false\:true\:false\:false\:false
NVIC.PendSV_IRQn=true\:0\:0\:false\:false\:true\:false\:false\:false
NVIC.PriorityGroup=NVIC_PRIORITYGROUP_4
NVIC.SVCall_IRQn=true\:0\:0\:false\:false\:true\:false\:false\:false
NVIC.SysTick_IRQn=true\:15\:0\:false\:false\:true\:false\:true\:false
NVIC.USART1_IRQn=true\:0\:0\:false\:false\:true\:true\:true\:true
NVIC.USART2_IRQn=true\:0\:0\:false\:false\:true\:true\:true\:true
NVIC.UsageFault_IRQn=true\:0\:0\:false\:false\:true\:false\:false\:false
PA13.Mode=Serial_Wire
PA13.Signal=SYS_JTMS-SWDIO
PA14.Mode=Serial_Wire
PA14.Signal=SYS_JTCK-SWCLK
PB12.GPIOParameters=GPIO_Label
PB12.GPIO_Label=EN_5V
PB12.Locked=true
PB12.Signal=GPIO_Output
PB6.GPIOParameters=GPIO_Label
PB6.GPIO_Label=OBC_TX_COM_RX
PB6.Mode=Asynchronous
PB6.Signal=USART1_TX
PB7.GPIOParameters=GPIO_Label
PB7.GPIO_Label=OBC_RX_COM_TX
PB7.Mode=Asynchronous
PB7.Signal=USART1_RX
PC10.GPIOParameters=GPIO_Label
PC10.GPIO_Label=OBC_TX_1
PC10.Mode=Asynchronous
PC10.Signal=USART3_TX
PC11.GPIOParameters=GPIO_Label
PC11.GPIO_Label=OBC_RX_1
PC11.Mode=Asynchronous
PC11.Signal=USART3_RX
PC6.GPIOParameters=GPIO_Label
PC6.GPIO_Label=OBC_TX_2
PC6.Mode=Asynchronous
PC6.Signal=USART6_TX
PC7.GPIOParameters=GPIO_Label
PC7.GPIO_Label=OBC_RX_2
PC7.Mode=Asynchronous
PC7.Signal=USART6_RX
PCC.Checker=false
PCC.Display=Plot\: All Steps
PCC.Line=STM32F427/437
PCC.MCU=STM32F427A(G-I)Hx
PCC.PartNumber=STM32F427AIHx
PCC.Series=STM32F4
PCC.Temperature=25
PCC.Vdd=3.3
PD5.GPIOParameters=GPIO_Label
PD5.GPIO_Label=OBC_TX_COM_RX
PD5.Mode=Asynchronous
PD5.Signal=USART2_TX
PD6.GPIOParameters=GPIO_Label
PD6.GPIO_Label=OBC_RX_COM_TX
PD6.Mode=Asynchronous
PD6.Signal=USART2_RX
PE11.GPIOParameters=GPIO_Label
PE11.GPIO_Label=GPIO1
PE11.Locked=true
PE11.Signal=GPIO_Output
PE2.GPIOParameters=GPIO_Label
PE2.GPIO_Label=SMSN_FM_SCK_OBC
PE2.Mode=Full_Duplex_Master
PE2.Signal=SPI4_SCK
PE3.GPIOParameters=GPIO_Label
PE3.GPIO_Label=EN_5V_DCDC
PE3.Locked=true
PE3.Signal=GPIO_Output
PE5.GPIOParameters=GPIO_Label
PE5.GPIO_Label=SMSN_FM_MISO_OBC
PE5.Mode=Full_Duplex_Master
PE5.Signal=SPI4_MISO
PE6.GPIOParameters=GPIO_Label
PE6.GPIO_Label=SMSN_FM_MOSI_OBC
PE6.Mode=Full_Duplex_Master
PE6.Signal=SPI4_MOSI
PE7.GPIOParameters=GPIO_Label
PE7.GPIO_Label=DEBUG_RX_OBC
PE7.Mode=Asynchronous
PE7.Signal=UART7_RX
PE8.GPIOParameters=GPIO_Label
PE8.GPIO_Label=DEBUG_TX_OBC
PE8.Mode=Asynchronous
PE8.Signal=UART7_TX
PF10.GPIOParameters=GPIO_Label
PF10.GPIO_Label=GPIO3
PF10.Locked=true
PF10.Signal=GPIO_Output
PH0/OSC_IN.Mode=HSE-External-Oscillator
PH0/OSC_IN.Signal=RCC_OSC_IN
PH1/OSC_OUT.Mode=HSE-External-Oscillator
PH1/OSC_OUT.Signal=RCC_OSC_OUT
PH11.GPIOParameters=GPIO_Label
PH11.GPIO_Label=EN_3V3_COM
PH11.Locked=true
PH11.Signal=GPIO_Output
PH14.GPIOParameters=GPIO_Label
PH14.GPIO_Label=EN_3V3_2_DCDC
PH14.Locked=true
PH14.Signal=GPIO_Output
PH5.GPIOParameters=GPIO_Label
PH5.GPIO_Label=EN_UNREG
PH5.Locked=true
PH5.Signal=GPIO_Output
PI0.GPIOParameters=GPIO_Label
PI0.GPIO_Label=MUX_EN
PI0.Locked=true
PI0.Signal=GPIO_Output
PI10.GPIOParameters=GPIO_Label
PI10.GPIO_Label=EN_GLOBAL_RESET
PI10.Locked=true
PI10.Signal=GPIO_Output
PI6.GPIOParameters=GPIO_Label
PI6.GPIO_Label=SMSN_FM_CS_OBC
PI6.Locked=true
PI6.Signal=GPIO_Output
PI7.GPIOParameters=GPIO_Label
PI7.GPIO_Label=MSN_FM_MODE
PI7.Locked=true
PI7.Signal=GPIO_Output
PinOutPanel.CurrentBGAView=Top
PinOutPanel.RotationAngle=0
ProjectManager.AskForMigrate=true
ProjectManager.BackupPrevious=false
ProjectManager.CompilerLinker=GCC
ProjectManager.CompilerOptimize=6
ProjectManager.ComputerToolchain=false
ProjectManager.CoupleFile=false
ProjectManager.CustomerFirmwarePackage=
ProjectManager.DefaultFWLocation=true
ProjectManager.DeletePrevious=true
ProjectManager.DeviceId=STM32F427AIHx
ProjectManager.FirmwarePackage=STM32Cube FW_F4 V1.28.3
ProjectManager.FreePins=false
ProjectManager.FreePinsContext=
ProjectManager.HalAssertFull=false
ProjectManager.HeapSize=0x200
ProjectManager.KeepUserCode=true
ProjectManager.LastFirmware=true
ProjectManager.LibraryCopy=1
ProjectManager.MainLocation=Core/Src
ProjectManager.NoMain=false
ProjectManager.PreviousToolchain=STM32CubeIDE
ProjectManager.ProjectBuild=false
ProjectManager.ProjectFileName=OBC_MSN.ioc
ProjectManager.ProjectName=OBC_MSN
ProjectManager.ProjectStructure=
ProjectManager.RegisterCallBack=
ProjectManager.StackSize=0x400
ProjectManager.TargetToolchain=STM32CubeIDE
ProjectManager.ToolChainLocation=
ProjectManager.UAScriptAfterPath=
ProjectManager.UAScriptBeforePath=
ProjectManager.UnderRoot=true
ProjectManager.functionlistsort=1-SystemClock_Config-RCC-false-HAL-false,2-MX_GPIO_Init-GPIO-false-HAL-true,3-MX_UART7_Init-UART7-false-HAL-true,4-MX_USART1_UART_Init-USART1-false-HAL-true,5-MX_USART2_UART_Init-USART2-false-HAL-true,6-MX_USART3_UART_Init-USART3-false-HAL-true,7-MX_USART6_UART_Init-USART6-false-HAL-true,8-MX_SPI4_Init-SPI4-false-HAL-true
RCC.48MHZClocksFreq_Value=32000000
RCC.AHBCLKDivider=RCC_SYSCLK_DIV2
RCC.AHBFreq_Value=32000000
RCC.APB1CLKDivider=RCC_HCLK_DIV2
RCC.APB1Freq_Value=16000000
RCC.APB1TimFreq_Value=32000000
RCC.APB2Freq_Value=32000000
RCC.APB2TimFreq_Value=32000000
RCC.CortexFreq_Value=32000000
RCC.EthernetFreq_Value=32000000
RCC.FCLKCortexFreq_Value=32000000
RCC.HCLKFreq_Value=32000000
RCC.HSE_VALUE=24000000
RCC.IPParameters=48MHZClocksFreq_Value,AHBCLKDivider,AHBFreq_Value,APB1CLKDivider,APB1Freq_Value,APB1TimFreq_Value,APB2Freq_Value,APB2TimFreq_Value,CortexFreq_Value,EthernetFreq_Value,FCLKCortexFreq_Value,HCLKFreq_Value,HSE_VALUE,MCO2PinFreq_Value,PLLCLKFreq_Value,PLLM,PLLN,PLLQCLKFreq_Value,RTCHSEDivFreq_Value,SYSCLKFreq_VALUE,SYSCLKSource,VCOOutputFreq_Value
RCC.MCO2PinFreq_Value=64000000
RCC.PLLCLKFreq_Value=64000000
RCC.PLLM=8
RCC.PLLN=64
RCC.PLLQCLKFreq_Value=32000000
RCC.RTCHSEDivFreq_Value=12000000
RCC.SYSCLKFreq_VALUE=64000000
RCC.SYSCLKSource=RCC_SYSCLKSOURCE_PLLCLK
RCC.VCOOutputFreq_Value=128000000
SPI4.CalculateBaudRate=16.0 MBits/s
SPI4.Direction=SPI_DIRECTION_2LINES
SPI4.IPParameters=VirtualType,Mode,Direction,CalculateBaudRate
SPI4.Mode=SPI_MODE_MASTER
SPI4.VirtualType=VM_MASTER
UART7.IPParameters=VirtualMode
UART7.VirtualMode=Asynchronous
USART1.IPParameters=VirtualMode
USART1.VirtualMode=VM_ASYNC
USART2.IPParameters=VirtualMode
USART2.VirtualMode=VM_ASYNC
USART3.IPParameters=VirtualMode
USART3.VirtualMode=VM_ASYNC
USART6.IPParameters=VirtualMode
USART6.VirtualMode=VM_ASYNC
VP_SYS_VS_Systick.Mode=SysTick
VP_SYS_VS_Systick.Signal=SYS_VS_Systick
board=custom
